
Microsoft Visual Studio Solution File, Format Version 12.00
Project("{FAE04EC0-301F-11D3-BF4B-00C04F79EFBC}") = "UI-CA", "UI-CA\UI-CA.csproj", "{AFF90FD7-F526-4E0A-99CE-0690DFE51A78}"
EndProject
Project("{FAE04EC0-301F-11D3-BF4B-00C04F79EFBC}") = "Domain", "Domain\Domain.csproj", "{13BF39FA-45D1-4897-8704-C97844EF10AE}"
EndProject
Project("{FAE04EC0-301F-11D3-BF4B-00C04F79EFBC}") = "DAL", "DAL\DAL.csproj", "{12064BE9-C89B-4095-BFE9-E976E4CC2DB5}"
EndProject
Project("{FAE04EC0-301F-11D3-BF4B-00C04F79EFBC}") = "BL", "BL\BL.csproj", "{C73274DC-CF1E-427D-AC2E-9E18A5A648CB}"
EndProject
Project("{FAE04EC0-301F-11D3-BF4B-00C04F79EFBC}") = "UI-MVC", "UI-MVC\UI-MVC.csproj", "{99DD2815-8FD6-422F-81BA-166FE26A99B0}"
EndProject
Project("{FAE04EC0-301F-11D3-BF4B-00C04F79EFBC}") = "Tests", "Tests\Tests.csproj", "{96EB432A-632F-44DA-B7D8-1F3259255BE9}"
EndProject
Global
	GlobalSection(SolutionConfigurationPlatforms) = preSolution
		Debug|Any CPU = Debug|Any CPU
		Release|Any CPU = Release|Any CPU
	EndGlobalSection
	GlobalSection(ProjectConfigurationPlatforms) = postSolution
		{AFF90FD7-F526-4E0A-99CE-0690DFE51A78}.Debug|Any CPU.ActiveCfg = Debug|Any CPU
		{AFF90FD7-F526-4E0A-99CE-0690DFE51A78}.Debug|Any CPU.Build.0 = Debug|Any CPU
		{AFF90FD7-F526-4E0A-99CE-0690DFE51A78}.Release|Any CPU.ActiveCfg = Release|Any CPU
		{AFF90FD7-F526-4E0A-99CE-0690DFE51A78}.Release|Any CPU.Build.0 = Release|Any CPU
		{13BF39FA-45D1-4897-8704-C97844EF10AE}.Debug|Any CPU.ActiveCfg = Debug|Any CPU
		{13BF39FA-45D1-4897-8704-C97844EF10AE}.Debug|Any CPU.Build.0 = Debug|Any CPU
		{13BF39FA-45D1-4897-8704-C97844EF10AE}.Release|Any CPU.ActiveCfg = Release|Any CPU
		{13BF39FA-45D1-4897-8704-C97844EF10AE}.Release|Any CPU.Build.0 = Release|Any CPU
		{12064BE9-C89B-4095-BFE9-E976E4CC2DB5}.Debug|Any CPU.ActiveCfg = Debug|Any CPU
		{12064BE9-C89B-4095-BFE9-E976E4CC2DB5}.Debug|Any CPU.Build.0 = Debug|Any CPU
		{12064BE9-C89B-4095-BFE9-E976E4CC2DB5}.Release|Any CPU.ActiveCfg = Release|Any CPU
		{12064BE9-C89B-4095-BFE9-E976E4CC2DB5}.Release|Any CPU.Build.0 = Release|Any CPU
		{C73274DC-CF1E-427D-AC2E-9E18A5A648CB}.Debug|Any CPU.ActiveCfg = Debug|Any CPU
		{C73274DC-CF1E-427D-AC2E-9E18A5A648CB}.Debug|Any CPU.Build.0 = Debug|Any CPU
		{C73274DC-CF1E-427D-AC2E-9E18A5A648CB}.Release|Any CPU.ActiveCfg = Release|Any CPU
		{C73274DC-CF1E-427D-AC2E-9E18A5A648CB}.Release|Any CPU.Build.0 = Release|Any CPU
		{99DD2815-8FD6-422F-81BA-166FE26A99B0}.Debug|Any CPU.ActiveCfg = Debug|Any CPU
		{99DD2815-8FD6-422F-81BA-166FE26A99B0}.Debug|Any CPU.Build.0 = Debug|Any CPU
		{99DD2815-8FD6-422F-81BA-166FE26A99B0}.Release|Any CPU.ActiveCfg = Release|Any CPU
		{99DD2815-8FD6-422F-81BA-166FE26A99B0}.Release|Any CPU.Build.0 = Release|Any CPU
		{96EB432A-632F-44DA-B7D8-1F3259255BE9}.Debug|Any CPU.ActiveCfg = Debug|Any CPU
		{96EB432A-632F-44DA-B7D8-1F3259255BE9}.Debug|Any CPU.Build.0 = Debug|Any CPU
		{96EB432A-632F-44DA-B7D8-1F3259255BE9}.Release|Any CPU.ActiveCfg = Release|Any CPU
		{96EB432A-632F-44DA-B7D8-1F3259255BE9}.Release|Any CPU.Build.0 = Release|Any CPU
	EndGlobalSection
EndGlobal
